<?xml version="1.0" encoding="utf-8"?>
<Project ToolsVersion="4.0" xmlns="http://schemas.microsoft.com/developer/msbuild/2003">
  <ItemGroup>
    <Filter Include="Fichiers sources">
      <UniqueIdentifier>{4FC737F1-C7A5-4376-A066-2A32D752A2FF}</UniqueIdentifier>
      <Extensions>cpp;c;cc;cxx;def;odl;idl;hpj;bat;asm;asmx</Extensions>
    </Filter>
    <Filter Include="Fichiers d%27en-tête">
      <UniqueIdentifier>{93995380-89BD-4b04-88EB-625FBE52EBFB}</UniqueIdentifier>
      <Extensions>h;hh;hpp;hxx;hm;inl;inc;ipp;xsd</Extensions>
    </Filter>
    <Filter Include="Fichiers de ressources">
      <UniqueIdentifier>{67DA6AB6-F800-4c08-8B7A-83BB121AAD01}</UniqueIdentifier>
      <Extensions>rc;ico;cur;bmp;dlg;rc2;rct;bin;rgs;gif;jpg;jpeg;jpe;resx;tiff;tif;png;wav;mfcribbon-ms</Extensions>
    </Filter>
    <Filter Include="Fichiers sources\boot">
      <UniqueIdentifier>{ba494ff0-2acf-4e03-95e4-bf944ae84abe}</UniqueIdentifier>
    </Filter>
    <Filter Include="Fichiers sources\kernel">
      <UniqueIdentifier>{6b87fb3e-3289-40e2-95fc-f128c56d2fe8}</UniqueIdentifier>
    </Filter>
    <Filter Include="Fichiers sources\kernel\debug">
      <UniqueIdentifier>{4bd20a59-01a7-4e1f-bd23-aa7a34bad32c}</UniqueIdentifier>
    </Filter>
    <Filter Include="Fichiers sources\kernel\drivers">
      <UniqueIdentifier>{68abec57-fd5c-4b85-81a4-ea621f9d3adc}</UniqueIdentifier>
    </Filter>
    <Filter Include="Fichiers sources\kernel\init">
      <UniqueIdentifier>{34d52b08-4624-4287-a2ac-de439e6a7a09}</UniqueIdentifier>
    </Filter>
    <Filter Include="Fichiers sources\kernel\lib">
      <UniqueIdentifier>{1c28ef88-c4d6-4eb1-b534-c2c09c97b874}</UniqueIdentifier>
    </Filter>
    <Filter Include="Fichiers sources\kernel\user">
      <UniqueIdentifier>{bcb0687d-4a2e-4eb6-a80e-dcdee957047e}</UniqueIdentifier>
    </Filter>
    <Filter Include="Fichiers sources\kernel\fs">
      <UniqueIdentifier>{a0c3dc7c-88e6-4f90-b1fb-694e97d0b5ad}</UniqueIdentifier>
    </Filter>
  </ItemGroup>
  <ItemGroup>
    <None Include="Makefile" />
    <None Include="boot\Makefile">
      <Filter>Fichiers sources\boot</Filter>
    </None>
    <None Include="kernel\Makefile">
      <Filter>Fichiers sources\kernel</Filter>
    </None>
    <None Include="kernel\init\gdt_loader.asm">
      <Filter>Fichiers sources\kernel\init</Filter>
    </None>
    <None Include="kernel\init\idt_loader.asm">
      <Filter>Fichiers sources\kernel\init</Filter>
    </None>
    <None Include="kernel\init\int.asm">
      <Filter>Fichiers sources\kernel\init</Filter>
    </None>
    <None Include="kernel\init\pic.asm">
      <Filter>Fichiers sources\kernel\init</Filter>
    </None>
    <None Include="kernel\user\process_starter.asm">
      <Filter>Fichiers sources\kernel\user</Filter>
    </None>
    <None Include="boot\bootsector.asm">
      <Filter>Fichiers sources\boot</Filter>
    </None>
    <None Include="kernel\linker.ld">
      <Filter>Fichiers sources\kernel</Filter>
    </None>
    <None Include="kernel\init\vmm.asm">
      <Filter>Fichiers sources\kernel\init</Filter>
    </None>
  </ItemGroup>
  <ItemGroup>
    <ClCompile Include="kernel\kernel.c">
      <Filter>Fichiers sources\kernel</Filter>
    </ClCompile>
    <ClCompile Include="kernel\logger.c">
      <Filter>Fichiers sources\kernel</Filter>
    </ClCompile>
    <ClCompile Include="kernel\debug\debug.c">
      <Filter>Fichiers sources\kernel\debug</Filter>
    </ClCompile>
    <ClCompile Include="kernel\drivers\screen.c">
      <Filter>Fichiers sources\kernel\drivers</Filter>
    </ClCompile>
    <ClCompile Include="kernel\drivers\serial.c">
      <Filter>Fichiers sources\kernel\drivers</Filter>
    </ClCompile>
    <ClCompile Include="kernel\init\gdt.c">
      <Filter>Fichiers sources\kernel\init</Filter>
    </ClCompile>
    <ClCompile Include="kernel\init\idt.c">
      <Filter>Fichiers sources\kernel\init</Filter>
    </ClCompile>
    <ClCompile Include="kernel\init\isr.c">
      <Filter>Fichiers sources\kernel\init</Filter>
    </ClCompile>
    <ClCompile Include="kernel\lib\stdio.c">
      <Filter>Fichiers sources\kernel\lib</Filter>
    </ClCompile>
    <ClCompile Include="kernel\lib\stdlib.c">
      <Filter>Fichiers sources\kernel\lib</Filter>
    </ClCompile>
    <ClCompile Include="kernel\scheduler.c">
      <Filter>Fichiers sources\kernel</Filter>
    </ClCompile>
    <ClCompile Include="kernel\user\process_manager.c">
      <Filter>Fichiers sources\kernel\user</Filter>
    </ClCompile>
    <ClCompile Include="kernel\lib\kmalloc.c">
      <Filter>Fichiers sources\kernel\lib</Filter>
    </ClCompile>
    <ClCompile Include="kernel\lib\list.c">
      <Filter>Fichiers sources\kernel\lib</Filter>
    </ClCompile>
    <ClCompile Include="kernel\lib\panic.c">
      <Filter>Fichiers sources\kernel\lib</Filter>
    </ClCompile>
    <ClCompile Include="kernel\init\vmm.c">
      <Filter>Fichiers sources\kernel\init</Filter>
    </ClCompile>
    <ClCompile Include="kernel\user\user_tests.c">
      <Filter>Fichiers sources\kernel\user</Filter>
    </ClCompile>
    <ClCompile Include="kernel\init\heap.c">
      <Filter>Fichiers sources\kernel\init</Filter>
    </ClCompile>
    <ClCompile Include="kernel\drivers\clock.c">
      <Filter>Fichiers sources\kernel\drivers</Filter>
    </ClCompile>
    <ClCompile Include="kernel\drivers\keyboard.c">
      <Filter>Fichiers sources\kernel\drivers</Filter>
    </ClCompile>
    <ClCompile Include="kernel\user\syscalls.c">
      <Filter>Fichiers sources\kernel\user</Filter>
    </ClCompile>
    <ClCompile Include="kernel\user\console.c">
      <Filter>Fichiers sources\kernel\user</Filter>
    </ClCompile>
    <ClCompile Include="kernel\user\process.c">
      <Filter>Fichiers sources\kernel\user</Filter>
    </ClCompile>
    <ClCompile Include="kernel\drivers\ata.c">
      <Filter>Fichiers sources\kernel\drivers</Filter>
    </ClCompile>
    <ClCompile Include="kernel\fs\ext2.c">
      <Filter>Fichiers sources\kernel\fs</Filter>
    </ClCompile>
    <ClCompile Include="kernel\fs\fs_manager.c">
      <Filter>Fichiers sources\kernel\fs</Filter>
    </ClCompile>
    <ClCompile Include="kernel\fs\elf.c">
      <Filter>Fichiers sources\kernel\fs</Filter>
    </ClCompile>
  </ItemGroup>
  <ItemGroup>
    <ClInclude Include="kernel\logger.h">
      <Filter>Fichiers sources\kernel</Filter>
    </ClInclude>
    <ClInclude Include="kernel\debug\debug.h">
      <Filter>Fichiers sources\kernel\debug</Filter>
    </ClInclude>
    <ClInclude Include="kernel\drivers\kbmap.h">
      <Filter>Fichiers sources\kernel\drivers</Filter>
    </ClInclude>
    <ClInclude Include="kernel\drivers\proc_io.h">
      <Filter>Fichiers sources\kernel\drivers</Filter>
    </ClInclude>
    <ClInclude Include="kernel\drivers\screen.h">
      <Filter>Fichiers sources\kernel\drivers</Filter>
    </ClInclude>
    <ClInclude Include="kernel\drivers\serial.h">
      <Filter>Fichiers sources\kernel\drivers</Filter>
    </ClInclude>
    <ClInclude Include="kernel\init\gdt.h">
      <Filter>Fichiers sources\kernel\init</Filter>
    </ClInclude>
    <ClInclude Include="kernel\init\idt.h">
      <Filter>Fichiers sources\kernel\init</Filter>
    </ClInclude>
    <ClInclude Include="kernel\lib\stdio.h">
      <Filter>Fichiers sources\kernel\lib</Filter>
    </ClInclude>
    <ClInclude Include="kernel\lib\stdlib.h">
      <Filter>Fichiers sources\kernel\lib</Filter>
    </ClInclude>
    <ClInclude Include="kernel\lib\types.h">
      <Filter>Fichiers sources\kernel\lib</Filter>
    </ClInclude>
    <ClInclude Include="kernel\scheduler.h">
      <Filter>Fichiers sources\kernel</Filter>
    </ClInclude>
    <ClInclude Include="kernel\user\process_manager.h">
      <Filter>Fichiers sources\kernel\user</Filter>
    </ClInclude>
    <ClInclude Include="kernel\lib\kmalloc.h">
      <Filter>Fichiers sources\kernel\lib</Filter>
    </ClInclude>
    <ClInclude Include="kernel\lib\list.h">
      <Filter>Fichiers sources\kernel\lib</Filter>
    </ClInclude>
    <ClInclude Include="kernel\multiboot.h">
      <Filter>Fichiers sources\kernel</Filter>
    </ClInclude>
    <ClInclude Include="kernel\lib\panic.h">
      <Filter>Fichiers sources\kernel\lib</Filter>
    </ClInclude>
    <ClInclude Include="kernel\kernel.h">
      <Filter>Fichiers sources\kernel</Filter>
    </ClInclude>
    <ClInclude Include="kernel\init\vmm.h">
      <Filter>Fichiers sources\kernel\init</Filter>
    </ClInclude>
    <ClInclude Include="kernel\user\user_tests.h">
      <Filter>Fichiers sources\kernel\user</Filter>
    </ClInclude>
    <ClInclude Include="kernel\init\heap.h">
      <Filter>Fichiers sources\kernel\init</Filter>
    </ClInclude>
    <ClInclude Include="kernel\user\syscalls.h">
      <Filter>Fichiers sources\kernel\user</Filter>
    </ClInclude>
    <ClInclude Include="kernel\drivers\clock.h">
      <Filter>Fichiers sources\kernel\drivers</Filter>
    </ClInclude>
    <ClInclude Include="kernel\drivers\keyboard.h">
      <Filter>Fichiers sources\kernel\drivers</Filter>
    </ClInclude>
    <ClInclude Include="kernel\init\isr.h">
      <Filter>Fichiers sources\kernel\init</Filter>
    </ClInclude>
    <ClInclude Include="kernel\user\console.h">
      <Filter>Fichiers sources\kernel\user</Filter>
    </ClInclude>
    <ClInclude Include="kernel\user\process.h">
      <Filter>Fichiers sources\kernel\user</Filter>
    </ClInclude>
    <ClInclude Include="kernel\lib\status.h">
      <Filter>Fichiers sources\kernel\lib</Filter>
    </ClInclude>
    <ClInclude Include="kernel\drivers\ata.h">
      <Filter>Fichiers sources\kernel\drivers</Filter>
    </ClInclude>
    <ClInclude Include="kernel\fs\ext2.h">
      <Filter>Fichiers sources\kernel\fs</Filter>
    </ClInclude>
    <ClInclude Include="kernel\fs\fs_manager.h">
      <Filter>Fichiers sources\kernel\fs</Filter>
    </ClInclude>
    <ClInclude Include="kernel\fs\elf.h">
      <Filter>Fichiers sources\kernel\fs</Filter>
    </ClInclude>
  </ItemGroup>
</Project>